
Microsoft Visual Studio Solution File, Format Version 12.00
# Visual Studio Version 17
VisualStudioVersion = 17.10.35027.167
MinimumVisualStudioVersion = 10.0.40219.1
Project("{2150E333-8FDC-42A3-9474-1A3956D46DE8}") = "HelpDeskService", "HelpDeskService", "{49879DE4-ECA2-4EB9-90CC-043B0F4145A7}"
EndProject
Project("{2150E333-8FDC-42A3-9474-1A3956D46DE8}") = "Adapters", "Adapters", "{4F26BBC9-DBA8-4B25-BB48-483C50559111}"
EndProject
Project("{2150E333-8FDC-42A3-9474-1A3956D46DE8}") = "Consumers", "Consumers", "{77A2B48C-54CE-4559-95E0-26F94414E517}"
EndProject
Project("{2150E333-8FDC-42A3-9474-1A3956D46DE8}") = "Core", "Core", "{234ED835-30A6-4E36-A40E-BFB1529F87D2}"
EndProject
Project("{2150E333-8FDC-42A3-9474-1A3956D46DE8}") = "Tests", "Tests", "{9DCFE082-E9BC-44A9-BEAD-5932B3585986}"
EndProject
Project("{9A19103F-16F7-4668-BE54-9A1E7A4F7556}") = "Domain", "HelpDeskService\Core\Domain\Domain.csproj", "{776491A5-3D55-47D2-927A-1A18D63089ED}"
EndProject
Project("{9A19103F-16F7-4668-BE54-9A1E7A4F7556}") = "Api", "HelpDeskService\Consumers\Api\Api.csproj", "{8BF771B1-4723-479D-A9A5-A95E95C329A4}"
EndProject
Project("{9A19103F-16F7-4668-BE54-9A1E7A4F7556}") = "Application", "HelpDeskService\Core\Application\Application.csproj", "{7E96E2E3-7AA6-472C-989B-B6059A9BDBA8}"
EndProject
Project("{9A19103F-16F7-4668-BE54-9A1E7A4F7556}") = "DataEF", "HelpDeskService\Adapters\DataEF\DataEF.csproj", "{92157702-8D92-4D29-9D40-85EFF60AEEBD}"
EndProject
Project("{9A19103F-16F7-4668-BE54-9A1E7A4F7556}") = "DomainTests", "HelpDeskService\Tests\DomainTests\DomainTests.csproj", "{D383DC9D-9AA5-481B-89BB-5A18A99A6C42}"
EndProject
Project("{9A19103F-16F7-4668-BE54-9A1E7A4F7556}") = "ApplicationTests", "HelpDeskService\Tests\ApplicationTests\ApplicationTests.csproj", "{2C6CDE70-C8AB-43C2-99CB-143EDC7BB922}"
EndProject
Project("{FAE04EC0-301F-11D3-BF4B-00C04F79EFBC}") = "IdentityAuth", "HelpDeskService\Adapters\IdentityAuth\IdentityAuth.csproj", "{59942EEF-E6B1-4F34-9CBA-A22AD8CA7107}"
EndProject
Global
	GlobalSection(SolutionConfigurationPlatforms) = preSolution
		Debug|Any CPU = Debug|Any CPU
		Release|Any CPU = Release|Any CPU
	EndGlobalSection
	GlobalSection(ProjectConfigurationPlatforms) = postSolution
		{776491A5-3D55-47D2-927A-1A18D63089ED}.Debug|Any CPU.ActiveCfg = Debug|Any CPU
		{776491A5-3D55-47D2-927A-1A18D63089ED}.Debug|Any CPU.Build.0 = Debug|Any CPU
		{776491A5-3D55-47D2-927A-1A18D63089ED}.Release|Any CPU.ActiveCfg = Release|Any CPU
		{776491A5-3D55-47D2-927A-1A18D63089ED}.Release|Any CPU.Build.0 = Release|Any CPU
		{8BF771B1-4723-479D-A9A5-A95E95C329A4}.Debug|Any CPU.ActiveCfg = Debug|Any CPU
		{8BF771B1-4723-479D-A9A5-A95E95C329A4}.Debug|Any CPU.Build.0 = Debug|Any CPU
		{8BF771B1-4723-479D-A9A5-A95E95C329A4}.Release|Any CPU.ActiveCfg = Release|Any CPU
		{8BF771B1-4723-479D-A9A5-A95E95C329A4}.Release|Any CPU.Build.0 = Release|Any CPU
		{7E96E2E3-7AA6-472C-989B-B6059A9BDBA8}.Debug|Any CPU.ActiveCfg = Debug|Any CPU
		{7E96E2E3-7AA6-472C-989B-B6059A9BDBA8}.Debug|Any CPU.Build.0 = Debug|Any CPU
		{7E96E2E3-7AA6-472C-989B-B6059A9BDBA8}.Release|Any CPU.ActiveCfg = Release|Any CPU
		{7E96E2E3-7AA6-472C-989B-B6059A9BDBA8}.Release|Any CPU.Build.0 = Release|Any CPU
		{92157702-8D92-4D29-9D40-85EFF60AEEBD}.Debug|Any CPU.ActiveCfg = Debug|Any CPU
		{92157702-8D92-4D29-9D40-85EFF60AEEBD}.Debug|Any CPU.Build.0 = Debug|Any CPU
		{92157702-8D92-4D29-9D40-85EFF60AEEBD}.Release|Any CPU.ActiveCfg = Release|Any CPU
		{92157702-8D92-4D29-9D40-85EFF60AEEBD}.Release|Any CPU.Build.0 = Release|Any CPU
		{D383DC9D-9AA5-481B-89BB-5A18A99A6C42}.Debug|Any CPU.ActiveCfg = Debug|Any CPU
		{D383DC9D-9AA5-481B-89BB-5A18A99A6C42}.Debug|Any CPU.Build.0 = Debug|Any CPU
		{D383DC9D-9AA5-481B-89BB-5A18A99A6C42}.Release|Any CPU.ActiveCfg = Release|Any CPU
		{D383DC9D-9AA5-481B-89BB-5A18A99A6C42}.Release|Any CPU.Build.0 = Release|Any CPU
		{2C6CDE70-C8AB-43C2-99CB-143EDC7BB922}.Debug|Any CPU.ActiveCfg = Debug|Any CPU
		{2C6CDE70-C8AB-43C2-99CB-143EDC7BB922}.Debug|Any CPU.Build.0 = Debug|Any CPU
		{2C6CDE70-C8AB-43C2-99CB-143EDC7BB922}.Release|Any CPU.ActiveCfg = Release|Any CPU
		{2C6CDE70-C8AB-43C2-99CB-143EDC7BB922}.Release|Any CPU.Build.0 = Release|Any CPU
		{59942EEF-E6B1-4F34-9CBA-A22AD8CA7107}.Debug|Any CPU.ActiveCfg = Debug|Any CPU
		{59942EEF-E6B1-4F34-9CBA-A22AD8CA7107}.Debug|Any CPU.Build.0 = Debug|Any CPU
		{59942EEF-E6B1-4F34-9CBA-A22AD8CA7107}.Release|Any CPU.ActiveCfg = Release|Any CPU
		{59942EEF-E6B1-4F34-9CBA-A22AD8CA7107}.Release|Any CPU.Build.0 = Release|Any CPU
	EndGlobalSection
	GlobalSection(SolutionProperties) = preSolution
		HideSolutionNode = FALSE
	EndGlobalSection
	GlobalSection(NestedProjects) = preSolution
		{4F26BBC9-DBA8-4B25-BB48-483C50559111} = {49879DE4-ECA2-4EB9-90CC-043B0F4145A7}
		{77A2B48C-54CE-4559-95E0-26F94414E517} = {49879DE4-ECA2-4EB9-90CC-043B0F4145A7}
		{234ED835-30A6-4E36-A40E-BFB1529F87D2} = {49879DE4-ECA2-4EB9-90CC-043B0F4145A7}
		{9DCFE082-E9BC-44A9-BEAD-5932B3585986} = {49879DE4-ECA2-4EB9-90CC-043B0F4145A7}
		{776491A5-3D55-47D2-927A-1A18D63089ED} = {234ED835-30A6-4E36-A40E-BFB1529F87D2}
		{8BF771B1-4723-479D-A9A5-A95E95C329A4} = {77A2B48C-54CE-4559-95E0-26F94414E517}
		{7E96E2E3-7AA6-472C-989B-B6059A9BDBA8} = {234ED835-30A6-4E36-A40E-BFB1529F87D2}
		{92157702-8D92-4D29-9D40-85EFF60AEEBD} = {4F26BBC9-DBA8-4B25-BB48-483C50559111}
		{D383DC9D-9AA5-481B-89BB-5A18A99A6C42} = {9DCFE082-E9BC-44A9-BEAD-5932B3585986}
		{2C6CDE70-C8AB-43C2-99CB-143EDC7BB922} = {9DCFE082-E9BC-44A9-BEAD-5932B3585986}
		{59942EEF-E6B1-4F34-9CBA-A22AD8CA7107} = {4F26BBC9-DBA8-4B25-BB48-483C50559111}
	EndGlobalSection
	GlobalSection(ExtensibilityGlobals) = postSolution
		SolutionGuid = {3ECCB63B-8BE7-4009-AA76-34667BEAB560}
	EndGlobalSection
EndGlobal
